# @generated - this file is auto-generated by `mise lock` https://mise.jdx.dev/dev-tools/mise-lock.html

lockfile_version = 1

[[tools."cargo:cargo-edit"]]
version = "0.13.13"
backend = "cargo:cargo-edit"
specifiers = ["0.13.13"]

[[tools."cargo:cargo-leptos"]]
version = "0.3.7"
backend = "cargo:cargo-leptos"
specifiers = ["0.3.7"]

[[tools.cocogitto]]
version = "7.0.0"
backend = "aqua:cocogitto/cocogitto"
specifiers = ["7.0.0"]

[tools.cocogitto."platforms.linux-arm64"]
checksum = "sha256:379949f50c4f8245ef9532913e83f351c048b55e40ebd52ed8a850642c07a753"
url = "https://github.com/cocogitto/cocogitto/releases/download/7.0.0/cocogitto-7.0.0-aarch64-unknown-linux-gnu.tar.gz"
url_api = "https://api.github.com/repos/cocogitto/cocogitto/releases/assets/366659384"

[tools.cocogitto."platforms.linux-x64"]
checksum = "sha256:e03938ff2c4c86d71c00c0f3284dbbe95c5ca76fe34a51f33e945c23010d59bb"
url = "https://github.com/cocogitto/cocogitto/releases/download/7.0.0/cocogitto-7.0.0-x86_64-unknown-linux-musl.tar.gz"
url_api = "https://api.github.com/repos/cocogitto/cocogitto/releases/assets/366659350"

[tools.cocogitto."platforms.linux-x64-musl"]
checksum = "sha256:e03938ff2c4c86d71c00c0f3284dbbe95c5ca76fe34a51f33e945c23010d59bb"
url = "https://github.com/cocogitto/cocogitto/releases/download/7.0.0/cocogitto-7.0.0-x86_64-unknown-linux-musl.tar.gz"
url_api = "https://api.github.com/repos/cocogitto/cocogitto/releases/assets/366659350"

[tools.cocogitto."platforms.macos-arm64"]
checksum = "sha256:429303b6d68c6461aa221ab4de82b26d0bbcdee7127947ea9c7c411ab9bc574c"
url = "https://github.com/cocogitto/cocogitto/releases/download/7.0.0/cocogitto-7.0.0-aarch64-apple-darwin.tar.gz"
url_api = "https://api.github.com/repos/cocogitto/cocogitto/releases/assets/366659431"

[tools.cocogitto."platforms.macos-x64"]
checksum = "sha256:591dcd462e2e35ecc21caf41a15a65d464b7ce1ce8a5c299fa0d46a7798dddb0"
url = "https://github.com/cocogitto/cocogitto/releases/download/7.0.0/cocogitto-7.0.0-x86_64-apple-darwin.tar.gz"
url_api = "https://api.github.com/repos/cocogitto/cocogitto/releases/assets/366659418"

[tools.cocogitto."platforms.windows-x64"]
checksum = "sha256:074f68f05d270da5c0d69d3e234ec362bec4c6e3189c21d1c948d038603655d7"
url = "https://github.com/cocogitto/cocogitto/releases/download/7.0.0/cocogitto-7.0.0-x86_64-pc-windows-msvc.tar.gz"
url_api = "https://api.github.com/repos/cocogitto/cocogitto/releases/assets/366659399"

[[tools.opengrep]]
version = "1.30.0"
backend = "aqua:opengrep/opengrep"
specifiers = ["latest"]

[tools.opengrep."platforms.linux-arm64"]
checksum = "sha256:a5d5a4a58ba5d46ff51e921663da1c2bba38f4b03987f4aeec87f16c6ad3ecae"
url = "https://github.com/opengrep/opengrep/releases/download/v1.30.0/opengrep_manylinux_aarch64"
url_api = "https://api.github.com/repos/opengrep/opengrep/releases/assets/548657431"

[tools.opengrep."platforms.linux-x64"]
checksum = "sha256:35779bdd72e92129c8df2a77f0c55e8c08356801ea92591ef32108d6b28d564c"
url = "https://github.com/opengrep/opengrep/releases/download/v1.30.0/opengrep_manylinux_x86"
url_api = "https://api.github.com/repos/opengrep/opengrep/releases/assets/548657435"

[tools.opengrep."platforms.linux-x64-musl"]
checksum = "sha256:35779bdd72e92129c8df2a77f0c55e8c08356801ea92591ef32108d6b28d564c"
url = "https://github.com/opengrep/opengrep/releases/download/v1.30.0/opengrep_manylinux_x86"
url_api = "https://api.github.com/repos/opengrep/opengrep/releases/assets/548657435"

[tools.opengrep."platforms.macos-arm64"]
checksum = "sha256:0f5bc3dec09d995c61331a4017b856ede508f90d95b018d95f1dc6166be89fdd"
url = "https://github.com/opengrep/opengrep/releases/download/v1.30.0/opengrep_osx_arm64"
url_api = "https://api.github.com/repos/opengrep/opengrep/releases/assets/548657446"

[tools.opengrep."platforms.macos-x64"]
checksum = "sha256:650772a849a2986880982b7dea0371f96a75d354de95f94e8c1a2e6f8f6262d1"
url = "https://github.com/opengrep/opengrep/releases/download/v1.30.0/opengrep_osx_x86"
url_api = "https://api.github.com/repos/opengrep/opengrep/releases/assets/548657443"

[tools.opengrep."platforms.windows-x64"]
checksum = "sha256:b5cf4f8fe9f44e030aab2d579d96bd395c139db1f1ba66633676ff4d5ebc7c39"
url = "https://github.com/opengrep/opengrep/releases/download/v1.30.0/opengrep_windows_x86.exe"
url_api = "https://api.github.com/repos/opengrep/opengrep/releases/assets/548657445"

[[tools.oxfmt]]
version = "0.64.0"
backend = "npm:oxfmt"
specifiers = ["0.64.0"]

[[tools.rust]]
version = "1.98.1"
backend = "core:rust"
specifiers = ["1.98.1"]

[[tools.rust-analyzer]]
version = "2026-09-07"
backend = "aqua:rust-lang/rust-analyzer"
specifiers = ["latest"]

[tools.rust-analyzer."platforms.linux-arm64"]
checksum = "sha256:484de96ea9e5daf9e6361b6fa91be9521a7e6c652111af54a7ead80f900b1e55"
url = "https://github.com/rust-lang/rust-analyzer/releases/download/2026-09-07/rust-analyzer-aarch64-unknown-linux-gnu.gz"
url_api = "https://api.github.com/repos/rust-lang/rust-analyzer/releases/assets/548242946"

[tools.rust-analyzer."platforms.linux-x64"]
checksum = "sha256:a3500183aa08bf740c0da6e030ad262d4cfa1c19e7ce195ab5f772bdf9ddfb12"
url = "https://github.com/rust-lang/rust-analyzer/releases/download/2026-09-07/rust-analyzer-x86_64-unknown-linux-gnu.gz"
url_api = "https://api.github.com/repos/rust-lang/rust-analyzer/releases/assets/548243469"

[tools.rust-analyzer."platforms.linux-x64-musl"]
checksum = "sha256:d05af6fdc2eab4e2b348f53029b6557369c910ba6cb2006d85cc1fb6ea400c35"
url = "https://github.com/rust-lang/rust-analyzer/releases/download/2026-09-07/rust-analyzer-x86_64-unknown-linux-musl.gz"
url_api = "https://api.github.com/repos/rust-lang/rust-analyzer/releases/assets/548243502"

[tools.rust-analyzer."platforms.macos-arm64"]
checksum = "sha256:16e9b2af9db7c0ce015ffe88f85db27669b05c84887a59c737d697d2c5f8d349"
url = "https://github.com/rust-lang/rust-analyzer/releases/download/2026-09-07/rust-analyzer-aarch64-apple-darwin.gz"
url_api = "https://api.github.com/repos/rust-lang/rust-analyzer/releases/assets/548242897"

[tools.rust-analyzer."platforms.macos-x64"]
checksum = "sha256:41161c05bd7e2396a5cea86a691d37919ec0af331a06bbdc0f323979034f9dad"
url = "https://github.com/rust-lang/rust-analyzer/releases/download/2026-09-07/rust-analyzer-x86_64-apple-darwin.gz"
url_api = "https://api.github.com/repos/rust-lang/rust-analyzer/releases/assets/548243400"

[tools.rust-analyzer."platforms.windows-x64"]
checksum = "sha256:cd3dddd580edac199c5e84c6cceb3addea32769c25cb6b597024a200b3359b05"
url = "https://github.com/rust-lang/rust-analyzer/releases/download/2026-09-07/rust-analyzer-x86_64-pc-windows-msvc.zip"
url_api = "https://api.github.com/repos/rust-lang/rust-analyzer/releases/assets/548243437"

[[tools.zizmor]]
version = "1.30.0"
backend = "aqua:zizmorcore/zizmor"
specifiers = ["latest"]

[tools.zizmor."platforms.linux-arm64"]
checksum = "sha256:018a024d6b6d09733b07f6ef42838d984c23ec04bc9b2acd55f7d67826aeafe5"
url = "https://github.com/zizmorcore/zizmor/releases/download/v1.30.0/zizmor-aarch64-unknown-linux-gnu.tar.gz"
url_api = "https://api.github.com/repos/zizmorcore/zizmor/releases/assets/537081734"
provenance = "github-attestations"

[tools.zizmor."platforms.linux-x64"]
checksum = "sha256:ec8c95cd800845abb9bbc5f377ec7c57d2eb8e2386a00a201d3a74ee4092e5ed"
url = "https://github.com/zizmorcore/zizmor/releases/download/v1.30.0/zizmor-x86_64-unknown-linux-gnu.tar.gz"
url_api = "https://api.github.com/repos/zizmorcore/zizmor/releases/assets/537081732"
provenance = "github-attestations"

[tools.zizmor."platforms.linux-x64-musl"]
provenance = "github-attestations"

[tools.zizmor."platforms.macos-arm64"]
checksum = "sha256:c9c5d83730efb86f2cd71b487605c00a4d63903e4f9458485ed5eac3b1924ab1"
url = "https://github.com/zizmorcore/zizmor/releases/download/v1.30.0/zizmor-aarch64-apple-darwin.tar.gz"
url_api = "https://api.github.com/repos/zizmorcore/zizmor/releases/assets/537081737"
provenance = "github-attestations"

[tools.zizmor."platforms.macos-x64"]
checksum = "sha256:343c85c8f709edf14bf3c8781d53574975ecbb2d23c80ed1eab4932ab0a72343"
url = "https://github.com/zizmorcore/zizmor/releases/download/v1.30.0/zizmor-x86_64-apple-darwin.tar.gz"
url_api = "https://api.github.com/repos/zizmorcore/zizmor/releases/assets/537081736"
provenance = "github-attestations"

[tools.zizmor."platforms.windows-x64"]
checksum = "sha256:a2fcf298b84d3d8498a3d718bb63f0abe26823bf68a11f0f439620f8f2f878f0"
url = "https://github.com/zizmorcore/zizmor/releases/download/v1.30.0/zizmor-x86_64-pc-windows-msvc.zip"
url_api = "https://api.github.com/repos/zizmorcore/zizmor/releases/assets/537081735"
provenance = "github-attestations"
